Microsoft Visual Studio Solution File, Format Version 11.00
# Visual Studio 2008

Project("{D0A6A7FC-0E05-EB4D-D383-CAFA10166C8E}") = "Gecko_Squad", "Assembly-CSharp.csproj", "{5CC16717-ED4D-CEED-3C78-A77014EDC971}"
EndProject
Global
	GlobalSection(SolutionConfigurationPlatforms) = preSolution
		Debug|Any CPU = Debug|Any CPU
		Release|Any CPU = Release|Any CPU
	EndGlobalSection
	GlobalSection(ProjectConfigurationPlatforms) = postSolution
		{5CC16717-ED4D-CEED-3C78-A77014EDC971}.Debug|Any CPU.ActiveCfg = Debug|Any CPU
		{5CC16717-ED4D-CEED-3C78-A77014EDC971}.Debug|Any CPU.Build.0 = Debug|Any CPU
		{5CC16717-ED4D-CEED-3C78-A77014EDC971}.Release|Any CPU.ActiveCfg = Release|Any CPU
		{5CC16717-ED4D-CEED-3C78-A77014EDC971}.Release|Any CPU.Build.0 = Release|Any CPU
	EndGlobalSection
	GlobalSection(SolutionProperties) = preSolution
		HideSolutionNode = FALSE
	EndGlobalSection
	GlobalSection(MonoDevelopProperties) = preSolution
		StartupItem = Assembly-CSharp.csproj
	EndGlobalSection
EndGlobal
